# This file is autogenerated, do not edit; changes may be undone by the next 'dep ensure'.


[[projects]]
  digest = "1:80004fcc5cf64e591486b3e11b406f1e0d17bf85d475d64203c8494f5da4fcd1"
  name = "cloud.google.com/go"
  packages = ["compute/metadata"]
  pruneopts = "UT"
  revision = "8c41231e01b2085512d98153bcffb847ff9b4b9f"
  version = "v0.38.0"

[[projects]]
  digest = "1:9f3b30d9f8e0d7040f729b82dcbc8f0dead820a133b3147ce355fc451f32d761"
  name = "github.com/BurntSushi/toml"
  packages = ["."]
  pruneopts = "UT"
  revision = "3012a1dbe2e4bd1391d42b32f0577cb7bbc7f005"
  version = "v0.3.1"

[[projects]]
  digest = "1:3b10c6fd33854dc41de2cf78b7bae105da94c2789b6fa5b9ac9e593ea43484ac"
  name = "github.com/Masterminds/goutils"
  packages = ["."]
  pruneopts = "UT"
  revision = "41ac8693c5c10a92ea1ff5ac3a7f95646f6123b0"
  version = "v1.1.0"

[[projects]]
  digest = "1:55388fd080150b9a072912f97b1f5891eb0b50df43401f8b75fb4273d3fec9fc"
  name = "github.com/Masterminds/semver"
  packages = ["."]
  pruneopts = "UT"
  revision = "c7af12943936e8c39859482e61f0574c2fd7fc75"
  version = "v1.4.2"

[[projects]]
  digest = "1:693e7ef1b6178cd312132c156fc6d6065c77a0d1f02cc73beecae8b080ec13d7"
  name = "github.com/Masterminds/sprig"
  packages = ["."]
  pruneopts = "UT"
  revision = "9f8fceff796fb9f4e992cd2bece016be0121ab74"
  version = "2.19.0"

[[projects]]
  digest = "1:d04889482897652dedae6d8575b479c06fa3eb3c3abe248163b25d3df5fab43e"
  name = "github.com/antlr/antlr4"
  packages = ["runtime/Go/antlr"]
  pruneopts = "UT"
  revision = "be58ebffde8e29c154192c019608f0a5b8e6a064"
  version = "4.7.2"

[[projects]]
  digest = "1:d6afaeed1502aa28e80a4ed0981d570ad91b2579193404256ce672ed0a609e0d"
  name = "github.com/beorn7/perks"
  packages = ["quantile"]
  pruneopts = "UT"
  revision = "4b2b341e8d7715fae06375aa633dbb6e91b3fb46"
  version = "v1.0.0"

[[projects]]
  digest = "1:7cb4fdca4c251b3ef8027c90ea35f70c7b661a593b9eeae34753c65499098bb1"
  name = "github.com/cpuguy83/go-md2man"
  packages = ["md2man"]
  pruneopts = "UT"
  revision = "7762f7e404f8416dfa1d9bb6a8c192aa9acb4d19"
  version = "v1.0.10"

[[projects]]
  digest = "1:ec66ad050342a3573ed2f5a4337d51b4c6d5d2a717cc6c9ecf86b081235a5759"
  name = "github.com/cyphar/filepath-securejoin"
  packages = ["."]
  pruneopts = "UT"
  revision = "a261ee33d7a517f054effbf451841abaafe3e0fd"
  version = "v0.2.2"

[[projects]]
  digest = "1:ffe9824d294da03b391f44e1ae8281281b4afc1bdaa9588c9097785e3af10cec"
  name = "github.com/davecgh/go-spew"
  packages = ["spew"]
  pruneopts = "UT"
  revision = "8991bc29aa16c548c550c7ff78260e27b9ab7c73"
  version = "v1.1.1"

[[projects]]
  branch = "master"
  digest = "1:ecdc8e0fe3bc7d549af1c9c36acf3820523b707d6c071b6d0c3860882c6f7b42"
  name = "github.com/docker/spdystream"
  packages = [
    ".",
    "spdy",
  ]
  pruneopts = "UT"
  revision = "6480d4af844c189cf5dd913db24ddd339d3a4f85"

[[projects]]
  digest = "1:f6c27bb730d02848954f30ad8895d796aef592777933f9659d387d7ec1a0ca87"
  name = "github.com/envoyproxy/go-control-plane"
  packages = [
    "envoy/admin/v2alpha",
    "envoy/api/v2",
    "envoy/api/v2/auth",
    "envoy/api/v2/cluster",
    "envoy/api/v2/core",
    "envoy/api/v2/endpoint",
    "envoy/api/v2/listener",
    "envoy/api/v2/route",
    "envoy/config/accesslog/v2",
    "envoy/config/bootstrap/v2",
    "envoy/config/filter/accesslog/v2",
    "envoy/config/filter/fault/v2",
    "envoy/config/filter/http/fault/v2",
    "envoy/config/filter/http/health_check/v2",
    "envoy/config/filter/http/rbac/v2",
    "envoy/config/filter/network/http_connection_manager/v2",
    "envoy/config/filter/network/mongo_proxy/v2",
    "envoy/config/filter/network/mysql_proxy/v1alpha1",
    "envoy/config/filter/network/rbac/v2",
    "envoy/config/filter/network/tcp_proxy/v2",
    "envoy/config/grpc_credential/v2alpha",
    "envoy/config/metrics/v2",
    "envoy/config/overload/v2alpha",
    "envoy/config/rbac/v2alpha",
    "envoy/config/trace/v2",
    "envoy/service/discovery/v2",
    "envoy/service/tap/v2alpha",
    "envoy/type",
    "envoy/type/matcher",
    "pkg/util",
  ]
  pruneopts = "UT"
  revision = "ba018e4c2c1e3c9d5a27347b8c24aac59d6ae1da"
  version = "v0.7.1"

[[projects]]
  digest = "1:dfe5159383dfcd370555c35374ac99022906f987b55cc65a830fb9ced970b4b1"
  name = "github.com/envoyproxy/protoc-gen-validate"
  packages = ["validate"]
  pruneopts = "UT"
  revision = "930a67cf7ba41b9d9436ad7a1be70a5d5ff6e1fc"
  version = "v0.0.6"

[[projects]]
  digest = "1:36a5ff9459163d104f2af9776c8db63f3eb4339f527a00a9835c8d562eb116ba"
  name = "github.com/evanphx/json-patch"
  packages = ["."]
  pruneopts = "UT"
  revision = "5858425f75500d40c52783dce87d085a483ce135"
  version = "v4.2.0"

[[projects]]
  digest = "1:abeb38ade3f32a92943e5be54f55ed6d6e3b6602761d74b4aab4c9dd45c18abd"
  name = "github.com/fsnotify/fsnotify"
  packages = ["."]
  pruneopts = "UT"
  revision = "c2828203cd70a50dcccfb2761f8b1f8ceef9a8e9"
  version = "v1.4.7"

[[projects]]
  digest = "1:2cd7915ab26ede7d95b8749e6b1f933f1c6d5398030684e6505940a10f31cfda"
  name = "github.com/ghodss/yaml"
  packages = ["."]
  pruneopts = "UT"
  revision = "0ca9ea5df5451ffdf184b4428c902747c2c11cd7"
  version = "v1.0.0"

[[projects]]
  digest = "1:9ae31ce33b4bab257668963e844d98765b44160be4ee98cafc44637a213e530d"
  name = "github.com/gobwas/glob"
  packages = [
    ".",
    "compiler",
    "match",
    "syntax",
    "syntax/ast",
    "syntax/lexer",
    "util/runes",
    "util/strings",
  ]
  pruneopts = "UT"
  revision = "5ccd90ef52e1e632236f7326478d4faa74f99438"
  version = "v0.2.3"

[[projects]]
  branch = "master"
  digest = "1:d2627f44c974bd0e0d54dbd348b340df8502d7e32d265c18c83431046b503dcf"
  name = "github.com/gogo/googleapis"
  packages = [
    "google/api",
    "google/rpc",
  ]
  pruneopts = "UT"
  revision = "d31c731455cb061f42baff3bda55bad0118b126b"

[[projects]]
  digest = "1:95e1006e41c641abd2f365dfa0f1213c04da294e7cd5f0bf983af234b775db64"
  name = "github.com/gogo/protobuf"
  packages = [
    "gogoproto",
    "jsonpb",
    "proto",
    "protoc-gen-gogo/descriptor",
    "sortkeys",
    "types",
  ]
  pruneopts = "UT"
  revision = "ba06b47c162d49f2af050fb4c75bcbc86a159d5c"
  version = "v1.2.1"

[[projects]]
  branch = "master"
  digest = "1:b7cb6054d3dff43b38ad2e92492f220f57ae6087ee797dca298139776749ace8"
  name = "github.com/golang/groupcache"
  packages = ["lru"]
  pruneopts = "UT"
  revision = "5b532d6fd5efaf7fa130d4e859a2fde0fc3a9e1b"

[[projects]]
  digest = "1:d90d7ec83c1f5b139fb2640eed81a682333b99cfbaff276547a16d9f68bab900"
  name = "github.com/golang/protobuf"
  packages = [
    "descriptor",
    "proto",
    "protoc-gen-go/descriptor",
    "ptypes",
    "ptypes/any",
    "ptypes/duration",
    "ptypes/empty",
    "ptypes/struct",
    "ptypes/timestamp",
    "ptypes/wrappers",
  ]
  pruneopts = "UT"
  revision = "b5d812f8a3706043e23a9cd5babf2e5423744d30"
  version = "v1.3.1"

[[projects]]
  branch = "master"
  digest = "1:b521f10a2d8fa85c04a8ef4e62f2d1e14d303599a55d64dabf9f5a02f84d35eb"
  name = "github.com/golang/sync"
  packages = ["errgroup"]
  pruneopts = "UT"
  revision = "112230192c580c3556b8cee6403af37a4fc5f28c"

[[projects]]
  digest = "1:0bfbe13936953a98ae3cfe8ed6670d396ad81edf069a806d2f6515d7bb6950df"
  name = "github.com/google/btree"
  packages = ["."]
  pruneopts = "UT"
  revision = "4030bb1f1f0c35b30ca7009e9ebd06849dd45306"
  version = "v1.0.0"

[[projects]]
  digest = "1:1e98aded5a0fada6221009a181b944124f31d6615ec8057be8424f55c1fb6370"
  name = "github.com/google/cel-go"
  packages = [
    "cel",
    "checker",
    "checker/decls",
    "common",
    "common/debug",
    "common/operators",
    "common/overloads",
    "common/packages",
    "common/types",
    "common/types/pb",
    "common/types/ref",
    "common/types/traits",
    "interpreter",
    "interpreter/functions",
    "parser",
    "parser/gen",
  ]
  pruneopts = "UT"
  revision = "2c29ff3f5d3d7856e562e821214cc9c77657b853"
  version = "v0.2.0"

[[projects]]
  digest = "1:a6181aca1fd5e27103f9a920876f29ac72854df7345a39f3b01e61c8c94cc8af"
  name = "github.com/google/gofuzz"
  packages = ["."]
  pruneopts = "UT"
  revision = "f140a6486e521aad38f5917de355cbf147cc0496"
  version = "v1.0.0"

[[projects]]
  digest = "1:8f8811f9be822914c3a25c6a071e93beb4c805d7b026cbf298bc577bc1cc945b"
  name = "github.com/google/uuid"
  packages = ["."]
  pruneopts = "UT"
  revision = "064e2069ce9c359c118179501254f67d7d37ba24"
  version = "0.2"

[[projects]]
  digest = "1:65c4414eeb350c47b8de71110150d0ea8a281835b1f386eacaa3ad7325929c21"
  name = "github.com/googleapis/gnostic"
  packages = [
    "OpenAPIv2",
    "compiler",
    "extensions",
  ]
  pruneopts = "UT"
  revision = "7c663266750e7d82587642f65e60bc4083f1f84e"
  version = "v0.2.0"

[[projects]]
  digest = "1:d5f97fc268267ec1b61c3453058c738246fc3e746f14b1ae25161513b7367b0c"
  name = "github.com/gorilla/mux"
  packages = ["."]
  pruneopts = "UT"
  revision = "c5c6c98bc25355028a63748a498942a6398ccd22"
  version = "v1.7.1"

[[projects]]
  branch = "master"
  digest = "1:b4395b2a4566c24459af3d04009b39cc21762fc77ec7bf7a1aa905c91e8f018d"
  name = "github.com/gregjones/httpcache"
  packages = [
    ".",
    "diskcache",
  ]
  pruneopts = "UT"
  revision = "3befbb6ad0cc97d4c25d851e9528915809e1a22f"

[[projects]]
  digest = "1:0ade334594e69404d80d9d323445d2297ff8161637f9b2d347cc6973d2d6f05b"
  name = "github.com/hashicorp/errwrap"
  packages = ["."]
  pruneopts = "UT"
  revision = "8a6fb523712970c966eefc6b39ed2c5e74880354"
  version = "v1.0.0"

[[projects]]
  branch = "master"
  digest = "1:f668349b83f7d779567c880550534addeca7ebadfdcf44b0b9c39be61864b4b7"
  name = "github.com/hashicorp/go-multierror"
  packages = ["."]
  pruneopts = "UT"
  revision = "886a7fbe3eb1c874d46f623bfa70af45f425b3d1"

[[projects]]
  digest = "1:d15ee511aa0f56baacc1eb4c6b922fa1c03b38413b6be18166b996d82a0156ea"
  name = "github.com/hashicorp/golang-lru"
  packages = [
    ".",
    "simplelru",
  ]
  pruneopts = "UT"
  revision = "7087cb70de9f7a8bc0a10c375cb0d2280a8edf9c"
  version = "v0.5.1"

[[projects]]
  digest = "1:7159b4af2aae0c37b088cea9cb5932b8801a289616c5b789e4669558521cff0c"
  name = "github.com/howeyc/fsnotify"
  packages = ["."]
  pruneopts = "UT"
  revision = "441bbc86b167f3c1f4786afae9931403b99fdacf"
  version = "v0.9.0"

[[projects]]
  digest = "1:f9a5e090336881be43cfc1cf468330c1bdd60abdc9dd194e0b1ab69f4b94dd7c"
  name = "github.com/huandu/xstrings"
  packages = ["."]
  pruneopts = "UT"
  revision = "f02667b379e2fb5916c3cda2cf31e0eb885d79f8"
  version = "v1.2.0"

[[projects]]
  digest = "1:a0cefd27d12712af4b5018dc7046f245e1e3b5760e2e848c30b171b570708f9b"
  name = "github.com/imdario/mergo"
  packages = ["."]
  pruneopts = "UT"
  revision = "7c29201646fa3de8506f701213473dd407f19646"
  version = "v0.3.7"

[[projects]]
  digest = "1:870d441fe217b8e689d7949fef6e43efbc787e50f200cb1e70dbca9204a1d6be"
  name = "github.com/inconshreveable/mousetrap"
  packages = ["."]
  pruneopts = "UT"
  revision = "76626ae9c91c4f2a10f34cad8ce83ea42c93bb75"
  version = "v1.0"

[[projects]]
  digest = "1:f5a2051c55d05548d2d4fd23d244027b59fbd943217df8aa3b5e170ac2fd6e1b"
  name = "github.com/json-iterator/go"
  packages = ["."]
  pruneopts = "UT"
  revision = "0ff49de124c6f76f8494e194af75bde0f1a49a29"
  version = "v1.1.6"

[[projects]]
  digest = "1:ff5ebae34cfbf047d505ee150de27e60570e8c394b3b8fdbb720ff6ac71985fc"
  name = "github.com/matttproud/golang_protobuf_extensions"
  packages = ["pbutil"]
  pruneopts = "UT"
  revision = "c12348ce28de40eed0136aa2b644d0ee0650e56c"
  version = "v1.0.1"

[[projects]]
  digest = "1:33422d238f147d247752996a26574ac48dcf472976eda7f5134015f06bf16563"
  name = "github.com/modern-go/concurrent"
  packages = ["."]
  pruneopts = "UT"
  revision = "bacd9c7ef1dd9b15be4a9909b8ac7a4e313eec94"
  version = "1.0.3"

[[projects]]
  digest = "1:e32bdbdb7c377a07a9a46378290059822efdce5c8d96fe71940d87cb4f918855"
  name = "github.com/modern-go/reflect2"
  packages = ["."]
  pruneopts = "UT"
  revision = "4b7aa43c6742a2c18fdef89dd197aaae7dac7ccd"
  version = "1.0.1"

[[projects]]
  digest = "1:c805e517269b0ba4c21ded5836019ed7d16953d4026cb7d00041d039c7906be9"
  name = "github.com/natefinch/lumberjack"
  packages = ["."]
  pruneopts = "UT"
  revision = "a96e63847dc3c67d17befa69c303767e2f84e54f"
  version = "v2.1"

[[projects]]
  branch = "release-3.11"
  digest = "1:21e11e06ebb4c8dbdfab6198acf6cd68ffe61d67c58c858f2218f048c557bf4f"
  name = "github.com/openshift/api"
  packages = ["apps/v1"]
  pruneopts = "UT"
  revision = "8741ff068a473be041d7bafb4502c12e4f10aab5"

[[projects]]
  branch = "master"
  digest = "1:3bf17a6e6eaa6ad24152148a631d18662f7212e21637c2699bff3369b7f00fa2"
  name = "github.com/petar/GoLLRB"
  packages = ["llrb"]
  pruneopts = "UT"
  revision = "53be0d36a84c2a886ca057d34b6aa4468df9ccb4"

[[projects]]
  digest = "1:a8c2725121694dfbf6d552fb86fe6b46e3e7135ea05db580c28695b916162aad"
  name = "github.com/peterbourgon/diskv"
  packages = ["."]
  pruneopts = "UT"
  revision = "0be1b92a6df0e4f5cb0a5d15fb7f643d0ad93ce6"
  version = "v3.0.0"

[[projects]]
  digest = "1:cf31692c14422fa27c83a05292eb5cbe0fb2775972e8f1f8446a71549bd8980b"
  name = "github.com/pkg/errors"
  packages = ["."]
  pruneopts = "UT"
  revision = "ba968bfe8b2f7e042a574c888954fccecfa385b4"
  version = "v0.8.1"

[[projects]]
  digest = "1:0028cb19b2e4c3112225cd871870f2d9cf49b9b4276531f03438a88e94be86fe"
  name = "github.com/pmezard/go-difflib"
  packages = ["difflib"]
  pruneopts = "UT"
  revision = "792786c7400a136282c1664665ae0a8db921c6c2"
  version = "v1.0.0"

[[projects]]
  digest = "1:b8fc32232f276bebfed92b136bce3c9efc600afbf8abb76aa6406a75ab24d9e5"
  name = "github.com/prometheus/client_golang"
  packages = [
    "api",
    "api/prometheus/v1",
    "prometheus",
    "prometheus/internal",
  ]
  pruneopts = "UT"
  revision = "505eaef017263e299324067d40ca2c48f6a2cf50"
  version = "v0.9.2"

[[projects]]
  branch = "master"
  digest = "1:2d5cd61daa5565187e1d96bae64dbbc6080dacf741448e9629c64fd93203b0d4"
  name = "github.com/prometheus/client_model"
  packages = ["go"]
  pruneopts = "UT"
  revision = "fd36f4220a901265f90734c3183c5f0c91daa0b8"

[[projects]]
  branch = "master"
  digest = "1:35cf6bdf68db765988baa9c4f10cc5d7dda1126a54bd62e252dbcd0b1fc8da90"
  name = "github.com/prometheus/common"
  packages = [
    "expfmt",
    "internal/bitbucket.org/ww/goautoneg",
    "model",
  ]
  pruneopts = "UT"
  revision = "1ba88736f028e37bc17328369e94a537ae9e0234"

[[projects]]
  branch = "master"
  digest = "1:9d62e12429921bbbdc2d1e3c81c6a2c128cc07046633ff92fb6d17376f74261d"
  name = "github.com/prometheus/procfs"
  packages = [
    ".",
    "internal/fs",
  ]
  pruneopts = "UT"
  revision = "5867b95ac084bbfee6ea16595c4e05ab009021da"

[[projects]]
  digest = "1:b36a0ede02c4c2aef7df7f91cbbb7bb88a98b5d253509d4f997dda526e50c88c"
  name = "github.com/russross/blackfriday"
  packages = ["."]
  pruneopts = "UT"
  revision = "05f3235734ad95d0016f6a23902f06461fcf567a"
  version = "v1.5.2"

[[projects]]
  digest = "1:e01b05ba901239c783dfe56450bcde607fc858908529868259c9a8765dc176d0"
  name = "github.com/spf13/cobra"
  packages = [
    ".",
    "doc",
  ]
  pruneopts = "UT"
  revision = "ef82de70bb3f60c65fb8eebacbb2d122ef517385"
  version = "v0.0.3"

[[projects]]
  digest = "1:c1b1102241e7f645bc8e0c22ae352e8f0dc6484b6cb4d132fa9f24174e0119e2"
  name = "github.com/spf13/pflag"
  packages = ["."]
  pruneopts = "UT"
  revision = "298182f68c66c05229eb03ac171abe6e309ee79a"
  version = "v1.0.3"

[[projects]]
  branch = "master"
  digest = "1:cd2cbc2f6693543f47cc53e2b2f9be229f017f6604322d1f0b7306b009059243"
  name = "github.com/yl2chen/cidranger"
  packages = [
    ".",
    "net",
  ]
  pruneopts = "UT"
  revision = "928b519e5268fe386d0f7decce320205cc09ca95"

[[projects]]
  digest = "1:e99f8ec6e9c0ad99ad6615409ce6588c77df8645ad4a5d9fc559fec95d7cae49"
  name = "go.opencensus.io"
  packages = [
    "internal/tagencoding",
    "metric/metricdata",
    "metric/metricproducer",
    "resource",
    "stats",
    "stats/internal",
    "stats/view",
    "tag",
  ]
  pruneopts = "UT"
  revision = "df6e2001952312404b06f5f6f03fcb4aec1648e5"
  version = "v0.21.0"

[[projects]]
  digest = "1:a5158647b553c61877aa9ae74f4015000294e47981e6b8b07525edcbb0747c81"
  name = "go.uber.org/atomic"
  packages = ["."]
  pruneopts = "UT"
  revision = "df976f2515e274675050de7b3f42545de80594fd"
  version = "v1.4.0"

[[projects]]
  digest = "1:60bf2a5e347af463c42ed31a493d817f8a72f102543060ed992754e689805d1a"
  name = "go.uber.org/multierr"
  packages = ["."]
  pruneopts = "UT"
  revision = "3c4937480c32f4c13a875a1829af76c98ca3d40a"
  version = "v1.1.0"

[[projects]]
  digest = "1:ecd62b854fc2a3c6583720380e8518730a4f45ffe878a0f9628f0e2454faacf6"
  name = "go.uber.org/zap"
  packages = [
    ".",
    "buffer",
    "internal/bufferpool",
    "internal/color",
    "internal/exit",
    "zapcore",
    "zapgrpc",
  ]
  pruneopts = "UT"
  revision = "27376062155ad36be76b0f12cf1572a221d3a48c"
  version = "v1.10.0"

[[projects]]
  branch = "master"
  digest = "1:c72812eff46e3f038674f00d9e043412d2bafd79bdbb4995075aa16b83445135"
  name = "golang.org/x/crypto"
  packages = [
    "pbkdf2",
    "scrypt",
    "ssh/terminal",
  ]
  pruneopts = "UT"
  revision = "e1dfcc566284e143ba8f9afbb3fa563f2a0d212b"

[[projects]]
  branch = "master"
  digest = "1:f04f91f699638081f3d9659950764321bc0602076fc5fd8177c18b185ad3fdd8"
  name = "golang.org/x/net"
  packages = [
    "context",
    "context/ctxhttp",
    "http/httpguts",
    "http2",
    "http2/hpack",
    "idna",
    "internal/timeseries",
    "trace",
  ]
  pruneopts = "UT"
  revision = "f4e77d36d62c17c2336347bb2670ddbd02d092b7"

[[projects]]
  branch = "master"
  digest = "1:b26e6c1b8e353ecbc95a6076b693ebf0e8b1fa26270a31e205fa0826854212b4"
  name = "golang.org/x/oauth2"
  packages = [
    ".",
    "clientcredentials",
    "google",
    "internal",
    "jws",
    "jwt",
  ]
  pruneopts = "UT"
  revision = "9f3314589c9a9136388751d9adae6b0ed400978a"

[[projects]]
  branch = "master"
  digest = "1:36dc399e6ec842ba6173a4bb6e7de711349a872ea9519992c8cdd39574ef374b"
  name = "golang.org/x/sys"
  packages = [
    "unix",
    "windows",
  ]
  pruneopts = "UT"
  revision = "12bbe5a7a5209180b72cc7e3ed9da40442fe3246"

[[projects]]
  digest = "1:dfcb3d446a3c6a6c71b74cf7baf366cd630a8cb43c3fcb741f34e49727da168d"
  name = "golang.org/x/text"
  packages = [
    "collate",
    "collate/build",
    "encoding",
    "encoding/internal",
    "encoding/internal/identifier",
    "encoding/unicode",
    "internal/colltab",
    "internal/gen",
    "internal/language",
    "internal/language/compact",
    "internal/tag",
    "internal/triegen",
    "internal/ucd",
    "internal/utf8internal",
    "language",
    "runes",
    "secure/bidirule",
    "transform",
    "unicode/bidi",
    "unicode/cldr",
    "unicode/norm",
    "unicode/rangetable",
    "width",
  ]
  pruneopts = "UT"
  revision = "342b2e1fbaa52c93f31447ad2c6abc048c63e475"
  version = "v0.3.2"

[[projects]]
  branch = "master"
  digest = "1:9fdc2b55e8e0fafe4b41884091e51e77344f7dc511c5acedcfd98200003bff90"
  name = "golang.org/x/time"
  packages = ["rate"]
  pruneopts = "UT"
  revision = "9d24e82272b4f38b78bc8cff74fa936d31ccd8ef"

[[projects]]
  branch = "master"
  digest = "1:da6c6c4f3f9e545f56ee4cba81b29e0e18357376c392f3ca98af546820f2d9eb"
  name = "golang.org/x/tools"
  packages = ["go/ast/astutil"]
  pruneopts = "UT"
  revision = "95299016986435f846545c27f956768ad3c3cb2f"

[[projects]]
  digest = "1:04f2ff15fc59e1ddaf9900ad0e19e5b19586b31f9dafd4d592b617642b239d8f"
  name = "google.golang.org/appengine"
  packages = [
    ".",
    "internal",
    "internal/app_identity",
    "internal/base",
    "internal/datastore",
    "internal/log",
    "internal/modules",
    "internal/remote_api",
    "internal/urlfetch",
    "urlfetch",
  ]
  pruneopts = "UT"
  revision = "54a98f90d1c46b7731eb8fb305d2a321c30ef610"
  version = "v1.5.0"

[[projects]]
  branch = "master"
  digest = "1:4743248fc7597f6061d1e3bb14ac37f7d4ddb7f0ca5c4f8cedae0f63abf55ae0"
  name = "google.golang.org/genproto"
  packages = [
    "googleapis/api",
    "googleapis/api/annotations",
    "googleapis/api/expr/v1alpha1",
    "googleapis/api/label",
    "googleapis/api/metric",
    "googleapis/rpc/status",
  ]
  pruneopts = "UT"
  revision = "54afdca5d873f7b529e2ce3def1a99df16feda90"

[[projects]]
  digest = "1:1ac2802a1ffa70fe39243e22aab53dd3386396fc98de2417ff744d87b079e78c"
  name = "google.golang.org/grpc"
  packages = [
    ".",
    "balancer",
    "balancer/base",
    "balancer/roundrobin",
    "codes",
    "connectivity",
    "credentials",
    "credentials/oauth",
    "encoding",
    "encoding/proto",
    "grpclog",
    "internal",
    "internal/backoff",
    "internal/channelz",
    "internal/envconfig",
    "internal/grpcrand",
    "internal/transport",
    "keepalive",
    "metadata",
    "naming",
    "peer",
    "resolver",
    "resolver/dns",
    "resolver/passthrough",
    "stats",
    "status",
    "tap",
  ]
  pruneopts = "UT"
  revision = "2e463a05d100327ca47ac218281906921038fd95"
  version = "v1.16.0"

[[projects]]
  digest = "1:2d1fbdc6777e5408cabeb02bf336305e724b925ff4546ded0fa8715a7267922a"
  name = "gopkg.in/inf.v0"
  packages = ["."]
  pruneopts = "UT"
  revision = "d2d2541c53f18d2a059457998ce2876cc8e67cbf"
  version = "v0.9.1"

[[projects]]
  digest = "1:4d2e5a73dc1500038e504a8d78b986630e3626dc027bc030ba5c75da257cdb96"
  name = "gopkg.in/yaml.v2"
  packages = ["."]
  pruneopts = "UT"
  revision = "51d6538a90f86fe93ac480b35f37b2be17fef232"
  version = "v2.2.2"

[[projects]]
  branch = "master"
  digest = "1:ae0ea0b5df7635680a6a621d5834871763c4036521fafe8b32f92399a4d1a5da"
  name = "istio.io/api"
  packages = [
    "authentication/v1alpha1",
    "envoy/config/filter/http/authn/v2alpha1",
    "envoy/config/filter/http/jwt_auth/v2alpha1",
    "mesh/v1alpha1",
    "mixer/adapter/model/v1beta1",
    "mixer/v1",
    "mixer/v1/config/client",
    "networking/v1alpha3",
    "policy/v1beta1",
    "rbac/v1alpha1",
  ]
  pruneopts = "UT"
  revision = "fb2153e2f16ad514e3e22ffde86a79fccdabc08f"

[[projects]]
  branch = "master"
  digest = "1:26731b63c1f4e2ac99607ce3b87c2316f2e1b5a28c378566659f36f1676cbac7"
  name = "istio.io/istio"
  packages = [
    "galley/pkg/meshconfig",
    "galley/pkg/metadata",
    "galley/pkg/metadata/kube",
    "galley/pkg/runtime/resource",
    "galley/pkg/source/kube/dynamic/converter",
    "galley/pkg/source/kube/schema",
    "istioctl/cmd",
    "istioctl/cmd/istioctl/gendeployment",
    "istioctl/pkg/auth",
    "istioctl/pkg/convert",
    "istioctl/pkg/install",
    "istioctl/pkg/kubernetes",
    "istioctl/pkg/rbac",
    "istioctl/pkg/util/clusters",
    "istioctl/pkg/util/configdump",
    "istioctl/pkg/util/proto",
    "istioctl/pkg/validate",
    "istioctl/pkg/writer/compare",
    "istioctl/pkg/writer/envoy/clusters",
    "istioctl/pkg/writer/envoy/configdump",
    "istioctl/pkg/writer/pilot",
    "mixer/adapter/bypass/config",
    "mixer/adapter/circonus/config",
    "mixer/adapter/cloudwatch/config",
    "mixer/adapter/denier/config",
    "mixer/adapter/dogstatsd/config",
    "mixer/adapter/fluentd/config",
    "mixer/adapter/kubernetesenv/config",
    "mixer/adapter/kubernetesenv/template",
    "mixer/adapter/list/config",
    "mixer/adapter/memquota/config",
    "mixer/adapter/metadata",
    "mixer/adapter/opa/config",
    "mixer/adapter/prometheus/config",
    "mixer/adapter/rbac/config",
    "mixer/adapter/redisquota/config",
    "mixer/adapter/signalfx/config",
    "mixer/adapter/solarwinds/config",
    "mixer/adapter/stackdriver/config",
    "mixer/adapter/statsd/config",
    "mixer/adapter/stdio/config",
    "mixer/adapter/zipkin/config",
    "mixer/pkg/adapter",
    "mixer/pkg/attribute",
    "mixer/pkg/config/crd",
    "mixer/pkg/config/store",
    "mixer/pkg/config/storetest",
    "mixer/pkg/il",
    "mixer/pkg/il/interpreter",
    "mixer/pkg/il/text",
    "mixer/pkg/lang",
    "mixer/pkg/lang/ast",
    "mixer/pkg/lang/cel",
    "mixer/pkg/lang/checker",
    "mixer/pkg/lang/compiled",
    "mixer/pkg/lang/compiler",
    "mixer/pkg/pool",
    "mixer/pkg/protobuf/descriptor",
    "mixer/pkg/protobuf/yaml",
    "mixer/pkg/protobuf/yaml/dynamic",
    "mixer/pkg/protobuf/yaml/wire",
    "mixer/pkg/runtime/config",
    "mixer/pkg/runtime/config/constant",
    "mixer/pkg/runtime/lang",
    "mixer/pkg/runtime/monitoring",
    "mixer/pkg/runtime/safecall",
    "mixer/pkg/status",
    "mixer/pkg/template",
    "mixer/pkg/validate",
    "mixer/template",
    "mixer/template/apikey",
    "mixer/template/authorization",
    "mixer/template/checknothing",
    "mixer/template/edge",
    "mixer/template/listentry",
    "mixer/template/logentry",
    "mixer/template/metric",
    "mixer/template/quota",
    "mixer/template/reportnothing",
    "mixer/template/tracespan",
    "pilot/cmd",
    "pilot/cmd/pilot-agent/status",
    "pilot/cmd/pilot-agent/status/ready",
    "pilot/cmd/pilot-agent/status/util",
    "pilot/pkg/config/kube/crd",
    "pilot/pkg/config/kube/ingress",
    "pilot/pkg/kube/inject",
    "pilot/pkg/model",
    "pilot/pkg/model/test",
    "pilot/pkg/networking/core",
    "pilot/pkg/networking/core/v1alpha3",
    "pilot/pkg/networking/core/v1alpha3/loadbalancer",
    "pilot/pkg/networking/core/v1alpha3/route",
    "pilot/pkg/networking/core/v1alpha3/route/retry",
    "pilot/pkg/networking/plugin",
    "pilot/pkg/networking/plugin/authn",
    "pilot/pkg/networking/plugin/authz",
    "pilot/pkg/networking/plugin/authz/matcher",
    "pilot/pkg/networking/plugin/authz/rbacfilter",
    "pilot/pkg/networking/plugin/health",
    "pilot/pkg/networking/plugin/mixer",
    "pilot/pkg/networking/plugin/registry",
    "pilot/pkg/networking/util",
    "pilot/pkg/proxy/envoy/v2",
    "pilot/pkg/security/authn",
    "pilot/pkg/security/authn/factory",
    "pilot/pkg/security/authn/v1alpha1",
    "pilot/pkg/serviceregistry",
    "pilot/pkg/serviceregistry/aggregate",
    "pilot/pkg/serviceregistry/kube",
    "pkg/annotations",
    "pkg/cache",
    "pkg/cmd",
    "pkg/collateral",
    "pkg/env",
    "pkg/features/pilot",
    "pkg/filewatcher",
    "pkg/kube",
    "pkg/log",
    "pkg/mcp/creds",
    "pkg/probe",
    "pkg/proto",
    "pkg/spiffe",
    "pkg/version",
  ]
  pruneopts = "UT"
  revision = "d33a6b9a1e6db5f786351d0ed5ee27de2a9af6db"

[[projects]]
  branch = "release-1.13"
  digest = "1:684a27f12acc943bee24373b4e8f4acde803990add2fc5dde602c27b58207d3b"
  name = "k8s.io/api"
  packages = [
    "admission/v1beta1",
    "admissionregistration/v1alpha1",
    "admissionregistration/v1beta1",
    "apps/v1",
    "apps/v1beta1",
    "apps/v1beta2",
    "auditregistration/v1alpha1",
    "authentication/v1",
    "authentication/v1beta1",
    "authorization/v1",
    "authorization/v1beta1",
    "autoscaling/v1",
    "autoscaling/v2beta1",
    "autoscaling/v2beta2",
    "batch/v1",
    "batch/v1beta1",
    "batch/v2alpha1",
    "certificates/v1beta1",
    "coordination/v1beta1",
    "core/v1",
    "events/v1beta1",
    "extensions/v1beta1",
    "networking/v1",
    "policy/v1beta1",
    "rbac/v1",
    "rbac/v1alpha1",
    "rbac/v1beta1",
    "scheduling/v1alpha1",
    "scheduling/v1beta1",
    "settings/v1alpha1",
    "storage/v1",
    "storage/v1alpha1",
    "storage/v1beta1",
  ]
  pruneopts = "UT"
  revision = "5cb15d34447165a97c76ed5a60e4e99c8a01ecfe"

[[projects]]
  branch = "release-1.13"
  digest = "1:db0e48e58e92eddc9ae08e9efb3dfaa1d61e32de690fff0dae5bccf4b45ebcce"
  name = "k8s.io/apiextensions-apiserver"
  packages = [
    "pkg/apis/apiextensions",
    "pkg/apis/apiextensions/v1beta1",
    "pkg/client/clientset/clientset",
    "pkg/client/clientset/clientset/scheme",
    "pkg/client/clientset/clientset/typed/apiextensions/v1beta1",
  ]
  pruneopts = "UT"
  revision = "bfb440be4b874c001bc64ea4b3324d37ab3c98dd"

[[projects]]
  branch = "release-1.13"
  digest = "1:6837c38e6979d6660eaf2634b3baae1214bb82ec447ab2679fb4a49053fc94d8"
  name = "k8s.io/apimachinery"
  packages = [
    "pkg/api/errors",
    "pkg/api/meta",
    "pkg/api/resource",
    "pkg/apis/meta/internalversion",
    "pkg/apis/meta/v1",
    "pkg/apis/meta/v1/unstructured",
    "pkg/apis/meta/v1/unstructured/unstructuredscheme",
    "pkg/apis/meta/v1beta1",
    "pkg/conversion",
    "pkg/conversion/queryparams",
    "pkg/fields",
    "pkg/labels",
    "pkg/runtime",
    "pkg/runtime/schema",
    "pkg/runtime/serializer",
    "pkg/runtime/serializer/json",
    "pkg/runtime/serializer/protobuf",
    "pkg/runtime/serializer/recognizer",
    "pkg/runtime/serializer/streaming",
    "pkg/runtime/serializer/versioning",
    "pkg/selection",
    "pkg/types",
    "pkg/util/cache",
    "pkg/util/clock",
    "pkg/util/diff",
    "pkg/util/errors",
    "pkg/util/framer",
    "pkg/util/httpstream",
    "pkg/util/httpstream/spdy",
    "pkg/util/intstr",
    "pkg/util/json",
    "pkg/util/mergepatch",
    "pkg/util/naming",
    "pkg/util/net",
    "pkg/util/remotecommand",
    "pkg/util/runtime",
    "pkg/util/sets",
    "pkg/util/strategicpatch",
    "pkg/util/validation",
    "pkg/util/validation/field",
    "pkg/util/wait",
    "pkg/util/yaml",
    "pkg/version",
    "pkg/watch",
    "third_party/forked/golang/json",
    "third_party/forked/golang/netutil",
    "third_party/forked/golang/reflect",
  ]
  pruneopts = "UT"
  revision = "86fb29eff6288413d76bd8506874fddd9fccdff0"

[[projects]]
  branch = "release-1.12"
  digest = "1:7991e5074de01462e0cf6ef77060895b50e9026d16152a6e925cb99b67a1f8ae"
  name = "k8s.io/cli-runtime"
  packages = [
    "pkg/genericclioptions",
    "pkg/genericclioptions/printers",
    "pkg/genericclioptions/resource",
  ]
  pruneopts = "UT"
  revision = "11047e25a94a7eaa541b92a8bbfd3e1243607219"

[[projects]]
  branch = "release-10.0"
  digest = "1:2e4cd93eea043adbcc05714de3a5625905bf244c23541b06a777025e3c0c6972"
  name = "k8s.io/client-go"
  packages = [
    "discovery",
    "dynamic",
    "informers",
    "informers/admissionregistration",
    "informers/admissionregistration/v1alpha1",
    "informers/admissionregistration/v1beta1",
    "informers/apps",
    "informers/apps/v1",
    "informers/apps/v1beta1",
    "informers/apps/v1beta2",
    "informers/auditregistration",
    "informers/auditregistration/v1alpha1",
    "informers/autoscaling",
    "informers/autoscaling/v1",
    "informers/autoscaling/v2beta1",
    "informers/autoscaling/v2beta2",
    "informers/batch",
    "informers/batch/v1",
    "informers/batch/v1beta1",
    "informers/batch/v2alpha1",
    "informers/certificates",
    "informers/certificates/v1beta1",
    "informers/coordination",
    "informers/coordination/v1beta1",
    "informers/core",
    "informers/core/v1",
    "informers/events",
    "informers/events/v1beta1",
    "informers/extensions",
    "informers/extensions/v1beta1",
    "informers/internalinterfaces",
    "informers/networking",
    "informers/networking/v1",
    "informers/policy",
    "informers/policy/v1beta1",
    "informers/rbac",
    "informers/rbac/v1",
    "informers/rbac/v1alpha1",
    "informers/rbac/v1beta1",
    "informers/scheduling",
    "informers/scheduling/v1alpha1",
    "informers/scheduling/v1beta1",
    "informers/settings",
    "informers/settings/v1alpha1",
    "informers/storage",
    "informers/storage/v1",
    "informers/storage/v1alpha1",
    "informers/storage/v1beta1",
    "kubernetes",
    "kubernetes/scheme",
    "kubernetes/typed/admissionregistration/v1alpha1",
    "kubernetes/typed/admissionregistration/v1beta1",
    "kubernetes/typed/apps/v1",
    "kubernetes/typed/apps/v1beta1",
    "kubernetes/typed/apps/v1beta2",
    "kubernetes/typed/auditregistration/v1alpha1",
    "kubernetes/typed/authentication/v1",
    "kubernetes/typed/authentication/v1beta1",
    "kubernetes/typed/authorization/v1",
    "kubernetes/typed/authorization/v1beta1",
    "kubernetes/typed/autoscaling/v1",
    "kubernetes/typed/autoscaling/v2beta1",
    "kubernetes/typed/autoscaling/v2beta2",
    "kubernetes/typed/batch/v1",
    "kubernetes/typed/batch/v1beta1",
    "kubernetes/typed/batch/v2alpha1",
    "kubernetes/typed/certificates/v1beta1",
    "kubernetes/typed/coordination/v1beta1",
    "kubernetes/typed/core/v1",
    "kubernetes/typed/events/v1beta1",
    "kubernetes/typed/extensions/v1beta1",
    "kubernetes/typed/networking/v1",
    "kubernetes/typed/policy/v1beta1",
    "kubernetes/typed/rbac/v1",
    "kubernetes/typed/rbac/v1alpha1",
    "kubernetes/typed/rbac/v1beta1",
    "kubernetes/typed/scheduling/v1alpha1",
    "kubernetes/typed/scheduling/v1beta1",
    "kubernetes/typed/settings/v1alpha1",
    "kubernetes/typed/storage/v1",
    "kubernetes/typed/storage/v1alpha1",
    "kubernetes/typed/storage/v1beta1",
    "listers/admissionregistration/v1alpha1",
    "listers/admissionregistration/v1beta1",
    "listers/apps/v1",
    "listers/apps/v1beta1",
    "listers/apps/v1beta2",
    "listers/auditregistration/v1alpha1",
    "listers/autoscaling/v1",
    "listers/autoscaling/v2beta1",
    "listers/autoscaling/v2beta2",
    "listers/batch/v1",
    "listers/batch/v1beta1",
    "listers/batch/v2alpha1",
    "listers/certificates/v1beta1",
    "listers/coordination/v1beta1",
    "listers/core/v1",
    "listers/events/v1beta1",
    "listers/extensions/v1beta1",
    "listers/networking/v1",
    "listers/policy/v1beta1",
    "listers/rbac/v1",
    "listers/rbac/v1alpha1",
    "listers/rbac/v1beta1",
    "listers/scheduling/v1alpha1",
    "listers/scheduling/v1beta1",
    "listers/settings/v1alpha1",
    "listers/storage/v1",
    "listers/storage/v1alpha1",
    "listers/storage/v1beta1",
    "pkg/apis/clientauthentication",
    "pkg/apis/clientauthentication/v1alpha1",
    "pkg/apis/clientauthentication/v1beta1",
    "pkg/version",
    "plugin/pkg/client/auth/exec",
    "plugin/pkg/client/auth/gcp",
    "plugin/pkg/client/auth/oidc",
    "rest",
    "rest/watch",
    "restmapper",
    "third_party/forked/golang/template",
    "tools/auth",
    "tools/cache",
    "tools/clientcmd",
    "tools/clientcmd/api",
    "tools/clientcmd/api/latest",
    "tools/clientcmd/api/v1",
    "tools/leaderelection",
    "tools/leaderelection/resourcelock",
    "tools/metrics",
    "tools/pager",
    "tools/portforward",
    "tools/record",
    "tools/reference",
    "tools/remotecommand",
    "transport",
    "transport/spdy",
    "util/buffer",
    "util/cert",
    "util/connrotation",
    "util/exec",
    "util/flowcontrol",
    "util/homedir",
    "util/integer",
    "util/jsonpath",
    "util/retry",
  ]
  pruneopts = "UT"
  revision = "65905f29c17c1f14e6485158af1072d74ddb4e9d"

[[projects]]
  digest = "1:11beb167c44af5bc1bfd164a482dc9793cff84e47a9220afe2ec84872dd4ca60"
  name = "k8s.io/helm"
  packages = [
    "pkg/chartutil",
    "pkg/engine",
    "pkg/ignore",
    "pkg/proto/hapi/chart",
    "pkg/proto/hapi/version",
    "pkg/sympath",
    "pkg/timeconv",
    "pkg/version",
  ]
  pruneopts = "UT"
  revision = "618447cbf203d147601b4b9bd7f8c37a5d39fbb4"
  version = "v2.13.1"

[[projects]]
  digest = "1:c696379ad201c1e86591785579e16bf6cf886c362e9a7534e8eb0d1028b20582"
  name = "k8s.io/klog"
  packages = ["."]
  pruneopts = "UT"
  revision = "e531227889390a39d9533dde61f590fe9f4b0035"
  version = "v0.3.0"

[[projects]]
  branch = "master"
  digest = "1:22abb5d4204ab1a0dcc9cda64906a31c43965ff5159e8b9f766c9d2a162dbed5"
  name = "k8s.io/kube-openapi"
  packages = ["pkg/util/proto"]
  pruneopts = "UT"
  revision = "411b2483e5034420675ebcdd4a55fc76fe5e55cf"

[[projects]]
  digest = "1:7719608fe0b52a4ece56c2dde37bedd95b938677d1ab0f84b8a7852e4c59f849"
  name = "sigs.k8s.io/yaml"
  packages = ["."]
  pruneopts = "UT"
  revision = "fd68e9863619f6ec2fdd8625fe1f02e7c877e480"
  version = "v1.1.0"

[solve-meta]
  analyzer-name = "dep"
  analyzer-version = 1
  input-imports = [
    "github.com/spf13/cobra",
    "istio.io/istio/istioctl/cmd",
  ]
  solver-name = "gps-cdcl"
  solver-version = 1
